
Microsoft Visual Studio Solution File, Format Version 12.00
# Visual Studio Version 17
VisualStudioVersion = 17.11.35327.3
MinimumVisualStudioVersion = 10.0.40219.1
Project("{FAE04EC0-301F-11D3-BF4B-00C04F79EFBC}") = "ConsoleApp1", "ConsoleApp1\ConsoleApp1.csproj", "{EF2CA234-DCEA-4D7A-A05F-D5D9151D4B52}"
EndProject
Global
	GlobalSection(SolutionConfigurationPlatforms) = preSolution
		Debug|Any CPU = Debug|Any CPU
		Release|Any CPU = Release|Any CPU
	EndGlobalSection
	GlobalSection(ProjectConfigurationPlatforms) = postSolution
		{EF2CA234-DCEA-4D7A-A05F-D5D9151D4B52}.Debug|Any CPU.ActiveCfg = Debug|Any CPU
		{EF2CA234-DCEA-4D7A-A05F-D5D9151D4B52}.Debug|Any CPU.Build.0 = Debug|Any CPU
		{EF2CA234-DCEA-4D7A-A05F-D5D9151D4B52}.Release|Any CPU.ActiveCfg = Release|Any CPU
		{EF2CA234-DCEA-4D7A-A05F-D5D9151D4B52}.Release|Any CPU.Build.0 = Release|Any CPU
	EndGlobalSection
	GlobalSection(SolutionProperties) = preSolution
		HideSolutionNode = FALSE
	EndGlobalSection
	GlobalSection(ExtensibilityGlobals) = postSolution
		SolutionGuid = {17FDDC58-B52F-43DA-A02C-F62A56E38439}
	EndGlobalSection
EndGlobal
